// !$*UTF8*$!
{
	archiveVersion = 1;
	classes = {
	};
	objectVersion = 46;
	objects = {

/* Begin PBXBuildFile section */
		DD340F721B4C6E20002358CE /* CocoaTime.h in CopyFiles */ = {isa = PBXBuildFile; fileRef = DD340F711B4C6E20002358CE /* CocoaTime.h */; };
		DD340F741B4C6E20002358CE /* CocoaTime.m in Sources */ = {isa = PBXBuildFile; fileRef = DD340F731B4C6E20002358CE /* CocoaTime.m */; };
		DD340F7A1B4C6E20002358CE /* libCocoaTime.a in Frameworks */ = {isa = PBXBuildFile; fileRef = DD340F6E1B4C6E20002358CE /* libCocoaTime.a */; };
/* End PBXBuildFile section */

/* Begin PBXContainerItemProxy section */
		DD340F7B1B4C6E20002358CE /* PBXContainerItemProxy */ = {
			isa = PBXContainerItemProxy;
			containerPortal = DD340F661B4C6E20002358CE /* Project object */;
			proxyType = 1;
			remoteGlobalIDString = DD340F6D1B4C6E20002358CE;
			remoteInfo = CocoaTime;
		};
/* End PBXContainerItemProxy section */

/* Begin PBXCopyFilesBuildPhase section */
		DD340F6C1B4C6E20002358CE /* CopyFiles */ = {
			isa = PBXCopyFilesBuildPhase;
			buildActionMask = 2147483647;
			dstPath = "include/$(PRODUCT_NAME)";
			dstSubfolderSpec = 16;
			files = (
				DD340F721B4C6E20002358CE /* CocoaTime.h in CopyFiles */,
			);
			runOnlyForDeploymentPostprocessing = 0;
		};
/* End PBXCopyFilesBuildPhase section */

/* Begin PBXFileReference section */
		DD340F6E1B4C6E20002358CE /* libCocoaTime.a */ = {isa = PBXFileReference; explicitFileType = archive.ar; includeInIndex = 0; path = libCocoaTime.a; sourceTree = BUILT_PRODUCTS_DIR; };
		DD340F711B4C6E20002358CE /* CocoaTime.h */ = {isa = PBXFileReference; lastKnownFileType = sourcecode.c.h; path = CocoaTime.h; sourceTree = "<group>"; };
		DD340F731B4C6E20002358CE /* CocoaTime.m */ = {isa = PBXFileReference; lastKnownFileType = sourcecode.c.objc; path = CocoaTime.m; sourceTree = "<group>"; };
		DD340F791B4C6E20002358CE /* CocoaTimeTests.xctest */ = {isa = PBXFileReference; explicitFileType = wrapper.cfbundle; includeInIndex = 0; path = CocoaTimeTests.xctest; sourceTree = BUILT_PRODUCTS_DIR; };
		DD340F7F1B4C6E20002358CE /* Info.plist */ = {isa = PBXFileReference; lastKnownFileType = text.plist.xml; path = Info.plist; sourceTree = "<group>"; };
/* End PBXFileReference section */

/* Begin PBXFrameworksBuildPhase section */
		DD340F6B1B4C6E20002358CE /* Frameworks */ = {
			isa = PBXFrameworksBuildPhase;
			buildActionMask = 2147483647;
			files = (
			);
			runOnlyForDeploymentPostprocessing = 0;
		};
		DD340F761B4C6E20002358CE /* Frameworks */ = {
			isa = PBXFrameworksBuildPhase;
			buildActionMask = 2147483647;
			files = (
				DD340F7A1B4C6E20002358CE /* libCocoaTime.a in Frameworks */,
			);
			runOnlyForDeploymentPostprocessing = 0;
		};
/* End PBXFrameworksBuildPhase section */

/* Begin PBXGroup section */
		DD340F651B4C6E20002358CE = {
			isa = PBXGroup;
			children = (
				DD340F701B4C6E20002358CE /* CocoaTime */,
				DD340F7D1B4C6E20002358CE /* CocoaTimeTests */,
				DD340F6F1B4C6E20002358CE /* Products */,
			);
			sourceTree = "<group>";
		};
		DD340F6F1B4C6E20002358CE /* Products */ = {
			isa = PBXGroup;
			children = (
				DD340F6E1B4C6E20002358CE /* libCocoaTime.a */,
				DD340F791B4C6E20002358CE /* CocoaTimeTests.xctest */,
			);
			name = Products;
			sourceTree = "<group>";
		};
		DD340F701B4C6E20002358CE /* CocoaTime */ = {
			isa = PBXGroup;
			children = (
				DD340F711B4C6E20002358CE /* CocoaTime.h */,
				DD340F731B4C6E20002358CE /* CocoaTime.m */,
			);
			path = CocoaTime;
			sourceTree = "<group>";
		};
		DD340F7D1B4C6E20002358CE /* CocoaTimeTests */ = {
			isa = PBXGroup;
			children = (
				DD340F7E1B4C6E20002358CE /* Supporting Files */,
			);
			path = CocoaTimeTests;
			sourceTree = "<group>";
		};
		DD340F7E1B4C6E20002358CE /* Supporting Files */ = {
			isa = PBXGroup;
			children = (
				DD340F7F1B4C6E20002358CE /* Info.plist */,
			);
			name = "Supporting Files";
			sourceTree = "<group>";
		};
/* End PBXGroup section */

/* Begin PBXNativeTarget section */
		DD340F6D1B4C6E20002358CE /* CocoaTime */ = {
			isa = PBXNativeTarget;
			buildConfigurationList = DD340F821B4C6E20002358CE /* Build configuration list for PBXNativeTarget "CocoaTime" */;
			buildPhases = (
				DD340F6A1B4C6E20002358CE /* Sources */,
				DD340F6B1B4C6E20002358CE /* Frameworks */,
				DD340F6C1B4C6E20002358CE /* CopyFiles */,
			);
			buildRules = (
			);
			dependencies = (
			);
			name = CocoaTime;
			productName = CocoaTime;
			productReference = DD340F6E1B4C6E20002358CE /* libCocoaTime.a */;
			productType = "com.apple.product-type.library.static";
		};
		DD340F781B4C6E20002358CE /* CocoaTimeTests */ = {
			isa = PBXNativeTarget;
			buildConfigurationList = DD340F851B4C6E20002358CE /* Build configuration list for PBXNativeTarget "CocoaTimeTests" */;
			buildPhases = (
				DD340F751B4C6E20002358CE /* Sources */,
				DD340F761B4C6E20002358CE /* Frameworks */,
				DD340F771B4C6E20002358CE /* Resources */,
			);
			buildRules = (
			);
			dependencies = (
				DD340F7C1B4C6E20002358CE /* PBXTargetDependency */,
			);
			name = CocoaTimeTests;
			productName = CocoaTimeTests;
			productReference = DD340F791B4C6E20002358CE /* CocoaTimeTests.xctest */;
			productType = "com.apple.product-type.bundle.unit-test";
		};
/* End PBXNativeTarget section */

/* Begin PBXProject section */
		DD340F661B4C6E20002358CE /* Project object */ = {
			isa = PBXProject;
			attributes = {
				LastUpgradeCheck = 0630;
				ORGANIZATIONNAME = "Dale Myers";
				TargetAttributes = {
					DD340F6D1B4C6E20002358CE = {
						CreatedOnToolsVersion = 6.3.2;
					};
					DD340F781B4C6E20002358CE = {
						CreatedOnToolsVersion = 6.3.2;
					};
				};
			};
			buildConfigurationList = DD340F691B4C6E20002358CE /* Build configuration list for PBXProject "CocoaTime" */;
			compatibilityVersion = "Xcode 3.2";
			developmentRegion = English;
			hasScannedForEncodings = 0;
			knownRegions = (
				en,
			);
			mainGroup = DD340F651B4C6E20002358CE;
			productRefGroup = DD340F6F1B4C6E20002358CE /* Products */;
			projectDirPath = "";
			projectRoot = "";
			targets = (
				DD340F6D1B4C6E20002358CE /* CocoaTime */,
				DD340F781B4C6E20002358CE /* CocoaTimeTests */,
			);
		};
/* End PBXProject section */

/* Begin PBXResourcesBuildPhase section */
		DD340F771B4C6E20002358CE /* Resources */ = {
			isa = PBXResourcesBuildPhase;
			buildActionMask = 2147483647;
			files = (
			);
			runOnlyForDeploymentPostprocessing = 0;
		};
/* End PBXResourcesBuildPhase section */

/* Begin PBXSourcesBuildPhase section */
		DD340F6A1B4C6E20002358CE /* Sources */ = {
			isa = PBXSourcesBuildPhase;
			buildActionMask = 2147483647;
			files = (
				DD340F741B4C6E20002358CE /* CocoaTime.m in Sources */,
			);
			runOnlyForDeploymentPostprocessing = 0;
		};
		DD340F751B4C6E20002358CE /* Sources */ = {
			isa = PBXSourcesBuildPhase;
			buildActionMask = 2147483647;
			files = (
			);
			runOnlyForDeploymentPostprocessing = 0;
		};
/* End PBXSourcesBuildPhase section */

/* Begin PBXTargetDependency section */
		DD340F7C1B4C6E20002358CE /* PBXTargetDependency */ = {
			isa = PBXTargetDependency;
			target = DD340F6D1B4C6E20002358CE /* CocoaTime */;
			targetProxy = DD340F7B1B4C6E20002358CE /* PBXContainerItemProxy */;
		};
/* End PBXTargetDependency section */

/* Begin XCBuildConfiguration section */
		DD340F801B4C6E20002358CE /* Debug */ = {
			isa = XCBuildConfiguration;
			buildSettings = {
				ALWAYS_SEARCH_USER_PATHS = NO;
				CLANG_CXX_LANGUAGE_STANDARD = "gnu++0x";
				CLANG_CXX_LIBRARY = "libc++";
				CLANG_ENABLE_MODULES = YES;
				CLANG_ENABLE_OBJC_ARC = YES;
				CLANG_WARN_BOOL_CONVERSION = YES;
				CLANG_WARN_CONSTANT_CONVERSION = YES;
				CLANG_WARN_DIRECT_OBJC_ISA_USAGE = YES_ERROR;
				CLANG_WARN_EMPTY_BODY = YES;
				CLANG_WARN_ENUM_CONVERSION = YES;
				CLANG_WARN_INT_CONVERSION = YES;
				CLANG_WARN_OBJC_ROOT_CLASS = YES_ERROR;
				CLANG_WARN_UNREACHABLE_CODE = YES;
				CLANG_WARN__DUPLICATE_METHOD_MATCH = YES;
				COPY_PHASE_STRIP = NO;
				DEBUG_INFORMATION_FORMAT = "dwarf-with-dsym";
				ENABLE_STRICT_OBJC_MSGSEND = YES;
				GCC_C_LANGUAGE_STANDARD = gnu99;
				GCC_DYNAMIC_NO_PIC = NO;
				GCC_NO_COMMON_BLOCKS = YES;
				GCC_OPTIMIZATION_LEVEL = 0;
				GCC_PREPROCESSOR_DEFINITIONS = (
					"DEBUG=1",
					"$(inherited)",
				);
				GCC_SYMBOLS_PRIVATE_EXTERN = NO;
				GCC_WARN_64_TO_32_BIT_CONVERSION = YES;
				GCC_WARN_ABOUT_RETURN_TYPE = YES_ERROR;
				GCC_WARN_UNDECLARED_SELECTOR = YES;
				GCC_WARN_UNINITIALIZED_AUTOS = YES_AGGRESSIVE;
				GCC_WARN_UNUSED_FUNCTION = YES;
				GCC_WARN_UNUSED_VARIABLE = YES;
				IPHONEOS_DEPLOYMENT_TARGET = 8.3;
				MTL_ENABLE_DEBUG_INFO = YES;
				ONLY_ACTIVE_ARCH = YES;
				SDKROOT = iphoneos;
			};
			name = Debug;
		};
		DD340F811B4C6E20002358CE /* Release */ = {
			isa = XCBuildConfiguration;
			buildSettings = {
				ALWAYS_SEARCH_USER_PATHS = NO;
				CLANG_CXX_LANGUAGE_STANDARD = "gnu++0x";
				CLANG_CXX_LIBRARY = "libc++";
				CLANG_ENABLE_MODULES = YES;
				CLANG_ENABLE_OBJC_ARC = YES;
				CLANG_WARN_BOOL_CONVERSION = YES;
				CLANG_WARN_CONSTANT_CONVERSION = YES;
				CLANG_WARN_DIRECT_OBJC_ISA_USAGE = YES_ERROR;
				CLANG_WARN_EMPTY_BODY = YES;
				CLANG_WARN_ENUM_CONVERSION = YES;
				CLANG_WARN_INT_CONVERSION = YES;
				CLANG_WARN_OBJC_ROOT_CLASS = YES_ERROR;
				CLANG_WARN_UNREACHABLE_CODE = YES;
				CLANG_WARN__DUPLICATE_METHOD_MATCH = YES;
				COPY_PHASE_STRIP = NO;
				DEBUG_INFORMATION_FORMAT = "dwarf-with-dsym";
				ENABLE_NS_ASSERTIONS = NO;
				ENABLE_STRICT_OBJC_MSGSEND = YES;
				GCC_C_LANGUAGE_STANDARD = gnu99;
				GCC_NO_COMMON_BLOCKS = YES;
				GCC_WARN_64_TO_32_BIT_CONVERSION = YES;
				GCC_WARN_ABOUT_RETURN_TYPE = YES_ERROR;
				GCC_WARN_UNDECLARED_SELECTOR = YES;
				GCC_WARN_UNINITIALIZED_AUTOS = YES_AGGRESSIVE;
				GCC_WARN_UNUSED_FUNCTION = YES;
				GCC_WARN_UNUSED_VARIABLE = YES;
				IPHONEOS_DEPLOYMENT_TARGET = 8.3;
				MTL_ENABLE_DEBUG_INFO = NO;
				SDKROOT = iphoneos;
				VALIDATE_PRODUCT = YES;
			};
			name = Release;
		};
		DD340F831B4C6E20002358CE /* Debug */ = {
			isa = XCBuildConfiguration;
			buildSettings = {
				OTHER_LDFLAGS = "-ObjC";
				PRODUCT_NAME = "$(TARGET_NAME)";
				SKIP_INSTALL = YES;
			};
			name = Debug;
		};
		DD340F841B4C6E20002358CE /* Release */ = {
			isa = XCBuildConfiguration;
			buildSettings = {
				OTHER_LDFLAGS = "-ObjC";
				PRODUCT_NAME = "$(TARGET_NAME)";
				SKIP_INSTALL = YES;
			};
			name = Release;
		};
		DD340F861B4C6E20002358CE /* Debug */ = {
			isa = XCBuildConfiguration;
			buildSettings = {
				"CODE_SIGN_IDENTITY[sdk=iphoneos*]" = "iPhone Developer";
				FRAMEWORK_SEARCH_PATHS = (
					"$(SDKROOT)/Developer/Library/Frameworks",
					"$(inherited)",
				);
				GCC_PREPROCESSOR_DEFINITIONS = (
					"DEBUG=1",
					"$(inherited)",
				);
				INFOPLIST_FILE = CocoaTimeTests/Info.plist;
				LD_RUNPATH_SEARCH_PATHS = "$(inherited) @executable_path/Frameworks @loader_path/Frameworks";
				PRODUCT_NAME = "$(TARGET_NAME)";
			};
			name = Debug;
		};
		DD340F871B4C6E20002358CE /* Release */ = {
			isa = XCBuildConfiguration;
			buildSettings = {
				"CODE_SIGN_IDENTITY[sdk=iphoneos*]" = "iPhone Developer";
				FRAMEWORK_SEARCH_PATHS = (
					"$(SDKROOT)/Developer/Library/Frameworks",
					"$(inherited)",
				);
				INFOPLIST_FILE = CocoaTimeTests/Info.plist;
				LD_RUNPATH_SEARCH_PATHS = "$(inherited) @executable_path/Frameworks @loader_path/Frameworks";
				PRODUCT_NAME = "$(TARGET_NAME)";
			};
			name = Release;
		};
/* End XCBuildConfiguration section */

/* Begin XCConfigurationList section */
		DD340F691B4C6E20002358CE /* Build configuration list for PBXProject "CocoaTime" */ = {
			isa = XCConfigurationList;
			buildConfigurations = (
				DD340F801B4C6E20002358CE /* Debug */,
				DD340F811B4C6E20002358CE /* Release */,
			);
			defaultConfigurationIsVisible = 0;
			defaultConfigurationName = Release;
		};
		DD340F821B4C6E20002358CE /* Build configuration list for PBXNativeTarget "CocoaTime" */ = {
			isa = XCConfigurationList;
			buildConfigurations = (
				DD340F831B4C6E20002358CE /* Debug */,
				DD340F841B4C6E20002358CE /* Release */,
			);
			defaultConfigurationIsVisible = 0;
		};
		DD340F851B4C6E20002358CE /* Build configuration list for PBXNativeTarget "CocoaTimeTests" */ = {
			isa = XCConfigurationList;
			buildConfigurations = (
				DD340F861B4C6E20002358CE /* Debug */,
				DD340F871B4C6E20002358CE /* Release */,
			);
			defaultConfigurationIsVisible = 0;
		};
/* End XCConfigurationList section */
	};
	rootObject = DD340F661B4C6E20002358CE /* Project object */;
}
